
Microsoft Visual Studio Solution File, Format Version 12.00
# Visual Studio 2013
VisualStudioVersion = 12.0.40629.0
MinimumVisualStudioVersion = 10.0.40219.1
Project("{FAE04EC0-301F-11D3-BF4B-00C04F79EFBC}") = "Ant", "Ant\Ant.csproj", "{5FBC1E25-ED31-4966-99D2-5697A6F64D75}"
EndProject
Project("{FAE04EC0-301F-11D3-BF4B-00C04F79EFBC}") = "Dapper", "Dapper\Dapper.csproj", "{5652AE5D-8887-4AFB-AF54-CE768B570251}"
EndProject
Project("{FAE04EC0-301F-11D3-BF4B-00C04F79EFBC}") = "Data", "Data\Data.csproj", "{C4AD6C73-A155-43E0-BC8D-EA4F2DE30B83}"
EndProject
Project("{FAE04EC0-301F-11D3-BF4B-00C04F79EFBC}") = "WebApp", "WebApp\WebApp.csproj", "{83E4AD59-03FC-4905-A5E8-5DA9962D31B3}"
EndProject
Project("{FAE04EC0-301F-11D3-BF4B-00C04F79EFBC}") = "Model", "Model\Model.csproj", "{4CDAC7E8-08A2-45CA-8E8D-8E6D996D94AC}"
EndProject
Project("{FAE04EC0-301F-11D3-BF4B-00C04F79EFBC}") = "Test", "Test\Test.csproj", "{0DA52AB7-DCDA-4C57-8AC6-1D5318D4F230}"
EndProject
Global
	GlobalSection(SolutionConfigurationPlatforms) = preSolution
		Debug|Any CPU = Debug|Any CPU
		Release|Any CPU = Release|Any CPU
	EndGlobalSection
	GlobalSection(ProjectConfigurationPlatforms) = postSolution
		{5FBC1E25-ED31-4966-99D2-5697A6F64D75}.Debug|Any CPU.ActiveCfg = Debug|Any CPU
		{5FBC1E25-ED31-4966-99D2-5697A6F64D75}.Debug|Any CPU.Build.0 = Debug|Any CPU
		{5FBC1E25-ED31-4966-99D2-5697A6F64D75}.Release|Any CPU.ActiveCfg = Release|Any CPU
		{5FBC1E25-ED31-4966-99D2-5697A6F64D75}.Release|Any CPU.Build.0 = Release|Any CPU
		{5652AE5D-8887-4AFB-AF54-CE768B570251}.Debug|Any CPU.ActiveCfg = Debug|Any CPU
		{5652AE5D-8887-4AFB-AF54-CE768B570251}.Debug|Any CPU.Build.0 = Debug|Any CPU
		{5652AE5D-8887-4AFB-AF54-CE768B570251}.Release|Any CPU.ActiveCfg = Release|Any CPU
		{5652AE5D-8887-4AFB-AF54-CE768B570251}.Release|Any CPU.Build.0 = Release|Any CPU
		{C4AD6C73-A155-43E0-BC8D-EA4F2DE30B83}.Debug|Any CPU.ActiveCfg = Debug|Any CPU
		{C4AD6C73-A155-43E0-BC8D-EA4F2DE30B83}.Debug|Any CPU.Build.0 = Debug|Any CPU
		{C4AD6C73-A155-43E0-BC8D-EA4F2DE30B83}.Release|Any CPU.ActiveCfg = Release|Any CPU
		{C4AD6C73-A155-43E0-BC8D-EA4F2DE30B83}.Release|Any CPU.Build.0 = Release|Any CPU
		{83E4AD59-03FC-4905-A5E8-5DA9962D31B3}.Debug|Any CPU.ActiveCfg = Debug|Any CPU
		{83E4AD59-03FC-4905-A5E8-5DA9962D31B3}.Debug|Any CPU.Build.0 = Debug|Any CPU
		{83E4AD59-03FC-4905-A5E8-5DA9962D31B3}.Release|Any CPU.ActiveCfg = Release|Any CPU
		{83E4AD59-03FC-4905-A5E8-5DA9962D31B3}.Release|Any CPU.Build.0 = Release|Any CPU
		{4CDAC7E8-08A2-45CA-8E8D-8E6D996D94AC}.Debug|Any CPU.ActiveCfg = Debug|Any CPU
		{4CDAC7E8-08A2-45CA-8E8D-8E6D996D94AC}.Debug|Any CPU.Build.0 = Debug|Any CPU
		{4CDAC7E8-08A2-45CA-8E8D-8E6D996D94AC}.Release|Any CPU.ActiveCfg = Release|Any CPU
		{4CDAC7E8-08A2-45CA-8E8D-8E6D996D94AC}.Release|Any CPU.Build.0 = Release|Any CPU
		{0DA52AB7-DCDA-4C57-8AC6-1D5318D4F230}.Debug|Any CPU.ActiveCfg = Debug|Any CPU
		{0DA52AB7-DCDA-4C57-8AC6-1D5318D4F230}.Debug|Any CPU.Build.0 = Debug|Any CPU
		{0DA52AB7-DCDA-4C57-8AC6-1D5318D4F230}.Release|Any CPU.ActiveCfg = Release|Any CPU
		{0DA52AB7-DCDA-4C57-8AC6-1D5318D4F230}.Release|Any CPU.Build.0 = Release|Any CPU
	EndGlobalSection
	GlobalSection(SolutionProperties) = preSolution
		HideSolutionNode = FALSE
	EndGlobalSection
EndGlobal
